Microsoft Visual Studio Solution File, Format Version 12.00
# Visual Studio Version 17
VisualStudioVersion = 17.5.2.0
MinimumVisualStudioVersion = 10.0.40219.1
Project("{FAE04EC0-301F-11D3-BF4B-00C04F79EFBC}") = "DotNetAspRazor", "DotNetAspRazor.csproj", "{5BCF0F64-9179-C3B8-75A5-FA6898D759B0}"
EndProject
Global
	GlobalSection(SolutionConfigurationPlatforms) = preSolution
		Debug|Any CPU = Debug|Any CPU
		Release|Any CPU = Release|Any CPU
	EndGlobalSection
	GlobalSection(ProjectConfigurationPlatforms) = postSolution
		{5BCF0F64-9179-C3B8-75A5-FA6898D759B0}.Debug|Any CPU.ActiveCfg = Debug|Any CPU
		{5BCF0F64-9179-C3B8-75A5-FA6898D759B0}.Debug|Any CPU.Build.0 = Debug|Any CPU
		{5BCF0F64-9179-C3B8-75A5-FA6898D759B0}.Release|Any CPU.ActiveCfg = Release|Any CPU
		{5BCF0F64-9179-C3B8-75A5-FA6898D759B0}.Release|Any CPU.Build.0 = Release|Any CPU
	EndGlobalSection
	GlobalSection(SolutionProperties) = preSolution
		HideSolutionNode = FALSE
	EndGlobalSection
	GlobalSection(ExtensibilityGlobals) = postSolution
		SolutionGuid = {DB19C7E5-4C03-4602-99E1-AE9CBFDF77ED}
	EndGlobalSection
EndGlobal
